
Microsoft Visual Studio Solution File, Format Version 12.00
# Visual Studio Version 17
VisualStudioVersion = 17.4.33213.308
MinimumVisualStudioVersion = 10.0.40219.1
Project("{9A19103F-16F7-4668-BE54-9A1E7A4F7556}") = "MS.Markdig.AsciiDoc", "MS.Markdig.AsciiDoc\MS.Markdig.AsciiDoc.csproj", "{DED36E44-6833-4492-8E31-D505E37E9BC1}"
EndProject
Project("{9A19103F-16F7-4668-BE54-9A1E7A4F7556}") = "gfm-to-adoc", "examples\gfm-to-adoc\gfm-to-adoc.csproj", "{22C5A8ED-E11F-4C0F-A61D-0D988DA3F444}"
EndProject
Project("{2150E333-8FDC-42A3-9474-1A3956D46DE8}") = "examples", "examples", "{08A93B97-B380-40BA-B70C-78091D3E968F}"
EndProject
Project("{9A19103F-16F7-4668-BE54-9A1E7A4F7556}") = "MS.Markdig.AsciiDoc.Tests", "MS.Markdig.AsciiDoc.Tests\MS.Markdig.AsciiDoc.Tests.csproj", "{5F1CDAC0-DFDE-4BA3-B251-D10566C7AA8E}"
EndProject
Project("{2150E333-8FDC-42A3-9474-1A3956D46DE8}") = "Solution items", "Solution items", "{AF0E5E23-A3A9-4A9E-A9A2-6E933585549C}"
	ProjectSection(SolutionItems) = preProject
		Directory.Build.props = Directory.Build.props
		..\.github\workflows\ci.yml = ..\.github\workflows\ci.yml
		..\.github\workflows\release.yml = ..\.github\workflows\release.yml
	EndProjectSection
EndProject
Global
	GlobalSection(SolutionConfigurationPlatforms) = preSolution
		Debug|Any CPU = Debug|Any CPU
		Release|Any CPU = Release|Any CPU
	EndGlobalSection
	GlobalSection(ProjectConfigurationPlatforms) = postSolution
		{DED36E44-6833-4492-8E31-D505E37E9BC1}.Debug|Any CPU.ActiveCfg = Debug|Any CPU
		{DED36E44-6833-4492-8E31-D505E37E9BC1}.Debug|Any CPU.Build.0 = Debug|Any CPU
		{DED36E44-6833-4492-8E31-D505E37E9BC1}.Release|Any CPU.ActiveCfg = Release|Any CPU
		{DED36E44-6833-4492-8E31-D505E37E9BC1}.Release|Any CPU.Build.0 = Release|Any CPU
		{22C5A8ED-E11F-4C0F-A61D-0D988DA3F444}.Debug|Any CPU.ActiveCfg = Debug|Any CPU
		{22C5A8ED-E11F-4C0F-A61D-0D988DA3F444}.Debug|Any CPU.Build.0 = Debug|Any CPU
		{22C5A8ED-E11F-4C0F-A61D-0D988DA3F444}.Release|Any CPU.ActiveCfg = Release|Any CPU
		{22C5A8ED-E11F-4C0F-A61D-0D988DA3F444}.Release|Any CPU.Build.0 = Release|Any CPU
		{5F1CDAC0-DFDE-4BA3-B251-D10566C7AA8E}.Debug|Any CPU.ActiveCfg = Debug|Any CPU
		{5F1CDAC0-DFDE-4BA3-B251-D10566C7AA8E}.Debug|Any CPU.Build.0 = Debug|Any CPU
		{5F1CDAC0-DFDE-4BA3-B251-D10566C7AA8E}.Release|Any CPU.ActiveCfg = Release|Any CPU
		{5F1CDAC0-DFDE-4BA3-B251-D10566C7AA8E}.Release|Any CPU.Build.0 = Release|Any CPU
	EndGlobalSection
	GlobalSection(SolutionProperties) = preSolution
		HideSolutionNode = FALSE
	EndGlobalSection
	GlobalSection(NestedProjects) = preSolution
		{22C5A8ED-E11F-4C0F-A61D-0D988DA3F444} = {08A93B97-B380-40BA-B70C-78091D3E968F}
	EndGlobalSection
	GlobalSection(ExtensibilityGlobals) = postSolution
		SolutionGuid = {0517B2A6-4536-4CC5-ADDF-0ED22B9AD780}
	EndGlobalSection
EndGlobal
