
Microsoft Visual Studio Solution File, Format Version 12.00
# Visual Studio Version 17
VisualStudioVersion = 17.4.33213.308
MinimumVisualStudioVersion = 10.0.40219.1
Project("{FAE04EC0-301F-11D3-BF4B-00C04F79EFBC}") = "MS.Markdig.AsciiDoc", "MS.Markdig.AsciiDoc\MS.Markdig.AsciiDoc.csproj", "{DED36E44-6833-4492-8E31-D505E37E9BC1}"
EndProject
Global
	GlobalSection(SolutionConfigurationPlatforms) = preSolution
		Debug|Any CPU = Debug|Any CPU
		Release|Any CPU = Release|Any CPU
	EndGlobalSection
	GlobalSection(ProjectConfigurationPlatforms) = postSolution
		{DED36E44-6833-4492-8E31-D505E37E9BC1}.Debug|Any CPU.ActiveCfg = Debug|Any CPU
		{DED36E44-6833-4492-8E31-D505E37E9BC1}.Debug|Any CPU.Build.0 = Debug|Any CPU
		{DED36E44-6833-4492-8E31-D505E37E9BC1}.Release|Any CPU.ActiveCfg = Release|Any CPU
		{DED36E44-6833-4492-8E31-D505E37E9BC1}.Release|Any CPU.Build.0 = Release|Any CPU
	EndGlobalSection
	GlobalSection(SolutionProperties) = preSolution
		HideSolutionNode = FALSE
	EndGlobalSection
	GlobalSection(ExtensibilityGlobals) = postSolution
		SolutionGuid = {0517B2A6-4536-4CC5-ADDF-0ED22B9AD780}
	EndGlobalSection
EndGlobal
